<?xml version="1.0" encoding="utf-8"?>
<Project ToolsVersion="16.0" xmlns="http://schemas.microsoft.com/developer/msbuild/2003">
  <ItemGroup>
    <CustomBuild Include="C:\Users\Андрей\Documents\GitHub\2022-polytech-antonov\06_pointers_references\palindrome\CM\CMakeFiles\23109220002245c350749fbb58c661fd\generate.stamp.rule">
      <Filter>CMake Rules</Filter>
    </CustomBuild>
  </ItemGroup>
  <ItemGroup>
    <Filter Include="CMake Rules">
      <UniqueIdentifier>{51301CD9-1A46-3DB2-B9A4-5F596F08B564}</UniqueIdentifier>
    </Filter>
  </ItemGroup>
</Project>
